{
  "name": "libintuitive",
  "version": "0.1.0",
  "lockfileVersion": 2,
  "requires": true,
  "packages": {
    "": {
      "version": "0.1.0",
      "license": "ISC",
      "dependencies": {
        "@webcomponents/custom-elements": "^1.4.3",
        "@webcomponents/webcomponentsjs": "^2.5.0",
        "reveal.js": "^4.1.0",
        "tone": "^14.7.77"
      },
      "devDependencies": {
        "parcel-plugin-static-files-copy": "^2.5.1",
        "typescript": "^4.1.3"
      }
    },
    "node_modules/@babel/runtime": {
      "version": "7.12.13",
      "resolved": "https://registry.npmjs.org/@babel/runtime/-/runtime-7.12.13.tgz",
      "integrity": "sha512-8+3UMPBrjFa/6TtKi/7sehPKqfAm4g6K+YQjyyFOLUTxzOngcRZTlAVY8sc2CORJYqdHQY8gRPHmn+qo15rCBw==",
      "dependencies": {
        "regenerator-runtime": "^0.13.4"
      }
    },
    "node_modules/@webcomponents/custom-elements": {
      "version": "1.4.3",
      "resolved": "https://registry.npmjs.org/@webcomponents/custom-elements/-/custom-elements-1.4.3.tgz",
      "integrity": "sha512-iD0YW46SreUQANGccywK/eC+gZELNHocZZrY2fGwrIlx/biQOTkAF9IohisibHbrmIHmA9pVCIdGwzfO+W0gig=="
    },
    "node_modules/@webcomponents/webcomponentsjs": {
      "version": "2.5.0",
      "resolved": "https://registry.npmjs.org/@webcomponents/webcomponentsjs/-/webcomponentsjs-2.5.0.tgz",
      "integrity": "sha512-C0l51MWQZ9kLzcxOZtniOMohpIFdCLZum7/TEHv3XWFc1Fvt5HCpbSX84x8ltka/JuNKcuiDnxXFkiB2gaePcg=="
    },
    "node_modules/automation-events": {
      "version": "3.0.4",
      "resolved": "https://registry.npmjs.org/automation-events/-/automation-events-3.0.4.tgz",
      "integrity": "sha512-9nS1DduiY/5Gfd44c2HvcH/y4l9UWc4RfbmVngrB20zmNZCLkOH6TmAkiJtUbyoHmv6bFPFY9sYQnlsVCRzYWw==",
      "dependencies": {
        "@babel/runtime": "^7.12.5",
        "tslib": "^2.1.0"
      },
      "engines": {
        "node": ">=10.15.3"
      }
    },
    "node_modules/balanced-match": {
      "version": "1.0.0",
      "resolved": "https://registry.npmjs.org/balanced-match/-/balanced-match-1.0.0.tgz",
      "integrity": "sha1-ibTRmasr7kneFk6gK4nORi1xt2c=",
      "dev": true
    },
    "node_modules/brace-expansion": {
      "version": "1.1.11",
      "resolved": "https://registry.npmjs.org/brace-expansion/-/brace-expansion-1.1.11.tgz",
      "integrity": "sha512-iCuPHDFgrHX7H2vEI/5xpz07zSHB00TpugqhmYtVmMO6518mCuRMoOYFldEBl0g187ufozdaHgWKcYFb61qGiA==",
      "dev": true,
      "dependencies": {
        "balanced-match": "^1.0.0",
        "concat-map": "0.0.1"
      }
    },
    "node_modules/concat-map": {
      "version": "0.0.1",
      "resolved": "https://registry.npmjs.org/concat-map/-/concat-map-0.0.1.tgz",
      "integrity": "sha1-2Klr13/Wjfd5OnMDajug1UBdR3s=",
      "dev": true
    },
    "node_modules/inherits": {
      "version": "2.0.3",
      "resolved": "https://registry.npmjs.org/inherits/-/inherits-2.0.3.tgz",
      "integrity": "sha1-Yzwsg+PaQqUC9SRmAiSA9CCCYd4=",
      "dev": true
    },
    "node_modules/minimatch": {
      "version": "3.0.4",
      "resolved": "https://registry.npmjs.org/minimatch/-/minimatch-3.0.4.tgz",
      "integrity": "sha512-yJHVQEhyqPLUTgt9B83PXu6W3rx4MvvHvSUvToogpwoGDOUQ+yDrR0HRot+yOCdCO7u4hX3pWft6kWBBcqh0UA==",
      "dev": true,
      "dependencies": {
        "brace-expansion": "^1.1.7"
      },
      "engines": {
        "node": "*"
      }
    },
    "node_modules/parcel-plugin-static-files-copy": {
      "version": "2.5.1",
      "resolved": "https://registry.npmjs.org/parcel-plugin-static-files-copy/-/parcel-plugin-static-files-copy-2.5.1.tgz",
      "integrity": "sha512-iDi04brJU10xZYSXlOCjBfILaaoWaA7k9E78t6QpQmLOly7RykNMb9UE3bQy1ZEQx3tJINteF4HcIHrDpIK15w==",
      "dev": true,
      "dependencies": {
        "minimatch": "3.0.4",
        "path": "0.12.7"
      }
    },
    "node_modules/path": {
      "version": "0.12.7",
      "resolved": "https://registry.npmjs.org/path/-/path-0.12.7.tgz",
      "integrity": "sha1-1NwqUGxM4hl+tIHr/NWzbAFAsQ8=",
      "dev": true,
      "dependencies": {
        "process": "^0.11.1",
        "util": "^0.10.3"
      }
    },
    "node_modules/process": {
      "version": "0.11.10",
      "resolved": "https://registry.npmjs.org/process/-/process-0.11.10.tgz",
      "integrity": "sha1-czIwDoQBYb2j5podHZGn1LwW8YI=",
      "dev": true,
      "engines": {
        "node": ">= 0.6.0"
      }
    },
    "node_modules/regenerator-runtime": {
      "version": "0.13.7",
      "resolved": "https://registry.npmjs.org/regenerator-runtime/-/regenerator-runtime-0.13.7.tgz",
      "integrity": "sha512-a54FxoJDIr27pgf7IgeQGxmqUNYrcV338lf/6gH456HZ/PhX+5BcwHXG9ajESmwe6WRO0tAzRUrRmNONWgkrew=="
    },
    "node_modules/reveal.js": {
      "version": "4.1.0",
      "resolved": "https://registry.npmjs.org/reveal.js/-/reveal.js-4.1.0.tgz",
      "integrity": "sha512-lYOMhxSWgq5jtgspF7eRL0d2rBnHO/VGZ4/qp46yu+eGoWqJkYHEuepEXzx71M8MI6Rf8HBYWaTnKi5uHWcU1Q==",
      "engines": {
        "node": ">=10.0.0"
      }
    },
    "node_modules/standardized-audio-context": {
      "version": "25.1.9",
      "resolved": "https://registry.npmjs.org/standardized-audio-context/-/standardized-audio-context-25.1.9.tgz",
      "integrity": "sha512-mSbAJL/WrkLt/R41v3RSXeL33iVWo1HR9D8/7KKPrQipNBgNrHVpx+N/KkBA7RXwPS69wMi7zl+TRhkCHI7oMg==",
      "dependencies": {
        "@babel/runtime": "^7.12.5",
        "automation-events": "^3.0.4",
        "tslib": "^2.1.0"
      }
    },
    "node_modules/tone": {
      "version": "14.7.77",
      "resolved": "https://registry.npmjs.org/tone/-/tone-14.7.77.tgz",
      "integrity": "sha512-tCfK73IkLHyzoKUvGq47gyDyxiKLFvKiVCOobynGgBB9Dl0NkxTM2p+eRJXyCYrjJwy9Y0XCMqD3uOYsYt2Fdg==",
      "dependencies": {
        "standardized-audio-context": "^25.1.8",
        "tslib": "^2.0.1"
      }
    },
    "node_modules/tslib": {
      "version": "2.1.0",
      "resolved": "https://registry.npmjs.org/tslib/-/tslib-2.1.0.tgz",
      "integrity": "sha512-hcVC3wYEziELGGmEEXue7D75zbwIIVUMWAVbHItGPx0ziyXxrOMQx4rQEVEV45Ut/1IotuEvwqPopzIOkDMf0A=="
    },
    "node_modules/typescript": {
      "version": "4.1.3",
      "resolved": "https://registry.npmjs.org/typescript/-/typescript-4.1.3.tgz",
      "integrity": "sha512-B3ZIOf1IKeH2ixgHhj6la6xdwR9QrLC5d1VKeCSY4tvkqhF2eqd9O7txNlS0PO3GrBAFIdr3L1ndNwteUbZLYg==",
      "dev": true,
      "bin": {
        "tsc": "bin/tsc",
        "tsserver": "bin/tsserver"
      },
      "engines": {
        "node": ">=4.2.0"
      }
    },
    "node_modules/util": {
      "version": "0.10.4",
      "resolved": "https://registry.npmjs.org/util/-/util-0.10.4.tgz",
      "integrity": "sha512-0Pm9hTQ3se5ll1XihRic3FDIku70C+iHUdT/W926rSgHV5QgXsYbKZN8MSC3tJtSkhuROzvsQjAaFENRXr+19A==",
      "dev": true,
      "dependencies": {
        "inherits": "2.0.3"
      }
    }
  },
  "dependencies": {
    "@babel/runtime": {
      "version": "7.12.13",
      "resolved": "https://registry.npmjs.org/@babel/runtime/-/runtime-7.12.13.tgz",
      "integrity": "sha512-8+3UMPBrjFa/6TtKi/7sehPKqfAm4g6K+YQjyyFOLUTxzOngcRZTlAVY8sc2CORJYqdHQY8gRPHmn+qo15rCBw==",
      "requires": {
        "regenerator-runtime": "^0.13.4"
      }
    },
    "@webcomponents/custom-elements": {
      "version": "1.4.3",
      "resolved": "https://registry.npmjs.org/@webcomponents/custom-elements/-/custom-elements-1.4.3.tgz",
      "integrity": "sha512-iD0YW46SreUQANGccywK/eC+gZELNHocZZrY2fGwrIlx/biQOTkAF9IohisibHbrmIHmA9pVCIdGwzfO+W0gig=="
    },
    "@webcomponents/webcomponentsjs": {
      "version": "2.5.0",
      "resolved": "https://registry.npmjs.org/@webcomponents/webcomponentsjs/-/webcomponentsjs-2.5.0.tgz",
      "integrity": "sha512-C0l51MWQZ9kLzcxOZtniOMohpIFdCLZum7/TEHv3XWFc1Fvt5HCpbSX84x8ltka/JuNKcuiDnxXFkiB2gaePcg=="
    },
    "automation-events": {
      "version": "3.0.4",
      "resolved": "https://registry.npmjs.org/automation-events/-/automation-events-3.0.4.tgz",
      "integrity": "sha512-9nS1DduiY/5Gfd44c2HvcH/y4l9UWc4RfbmVngrB20zmNZCLkOH6TmAkiJtUbyoHmv6bFPFY9sYQnlsVCRzYWw==",
      "requires": {
        "@babel/runtime": "^7.12.5",
        "tslib": "^2.1.0"
      }
    },
    "balanced-match": {
      "version": "1.0.0",
      "resolved": "https://registry.npmjs.org/balanced-match/-/balanced-match-1.0.0.tgz",
      "integrity": "sha1-ibTRmasr7kneFk6gK4nORi1xt2c=",
      "dev": true
    },
    "brace-expansion": {
      "version": "1.1.11",
      "resolved": "https://registry.npmjs.org/brace-expansion/-/brace-expansion-1.1.11.tgz",
      "integrity": "sha512-iCuPHDFgrHX7H2vEI/5xpz07zSHB00TpugqhmYtVmMO6518mCuRMoOYFldEBl0g187ufozdaHgWKcYFb61qGiA==",
      "dev": true,
      "requires": {
        "balanced-match": "^1.0.0",
        "concat-map": "0.0.1"
      }
    },
    "concat-map": {
      "version": "0.0.1",
      "resolved": "https://registry.npmjs.org/concat-map/-/concat-map-0.0.1.tgz",
      "integrity": "sha1-2Klr13/Wjfd5OnMDajug1UBdR3s=",
      "dev": true
    },
    "inherits": {
      "version": "2.0.3",
      "resolved": "https://registry.npmjs.org/inherits/-/inherits-2.0.3.tgz",
      "integrity": "sha1-Yzwsg+PaQqUC9SRmAiSA9CCCYd4=",
      "dev": true
    },
    "minimatch": {
      "version": "3.0.4",
      "resolved": "https://registry.npmjs.org/minimatch/-/minimatch-3.0.4.tgz",
      "integrity": "sha512-yJHVQEhyqPLUTgt9B83PXu6W3rx4MvvHvSUvToogpwoGDOUQ+yDrR0HRot+yOCdCO7u4hX3pWft6kWBBcqh0UA==",
      "dev": true,
      "requires": {
        "brace-expansion": "^1.1.7"
      }
    },
    "parcel-plugin-static-files-copy": {
      "version": "2.5.1",
      "resolved": "https://registry.npmjs.org/parcel-plugin-static-files-copy/-/parcel-plugin-static-files-copy-2.5.1.tgz",
      "integrity": "sha512-iDi04brJU10xZYSXlOCjBfILaaoWaA7k9E78t6QpQmLOly7RykNMb9UE3bQy1ZEQx3tJINteF4HcIHrDpIK15w==",
      "dev": true,
      "requires": {
        "minimatch": "3.0.4",
        "path": "0.12.7"
      }
    },
    "path": {
      "version": "0.12.7",
      "resolved": "https://registry.npmjs.org/path/-/path-0.12.7.tgz",
      "integrity": "sha1-1NwqUGxM4hl+tIHr/NWzbAFAsQ8=",
      "dev": true,
      "requires": {
        "process": "^0.11.1",
        "util": "^0.10.3"
      }
    },
    "process": {
      "version": "0.11.10",
      "resolved": "https://registry.npmjs.org/process/-/process-0.11.10.tgz",
      "integrity": "sha1-czIwDoQBYb2j5podHZGn1LwW8YI=",
      "dev": true
    },
    "regenerator-runtime": {
      "version": "0.13.7",
      "resolved": "https://registry.npmjs.org/regenerator-runtime/-/regenerator-runtime-0.13.7.tgz",
      "integrity": "sha512-a54FxoJDIr27pgf7IgeQGxmqUNYrcV338lf/6gH456HZ/PhX+5BcwHXG9ajESmwe6WRO0tAzRUrRmNONWgkrew=="
    },
    "reveal.js": {
      "version": "4.1.0",
      "resolved": "https://registry.npmjs.org/reveal.js/-/reveal.js-4.1.0.tgz",
      "integrity": "sha512-lYOMhxSWgq5jtgspF7eRL0d2rBnHO/VGZ4/qp46yu+eGoWqJkYHEuepEXzx71M8MI6Rf8HBYWaTnKi5uHWcU1Q=="
    },
    "standardized-audio-context": {
      "version": "25.1.9",
      "resolved": "https://registry.npmjs.org/standardized-audio-context/-/standardized-audio-context-25.1.9.tgz",
      "integrity": "sha512-mSbAJL/WrkLt/R41v3RSXeL33iVWo1HR9D8/7KKPrQipNBgNrHVpx+N/KkBA7RXwPS69wMi7zl+TRhkCHI7oMg==",
      "requires": {
        "@babel/runtime": "^7.12.5",
        "automation-events": "^3.0.4",
        "tslib": "^2.1.0"
      }
    },
    "tone": {
      "version": "14.7.77",
      "resolved": "https://registry.npmjs.org/tone/-/tone-14.7.77.tgz",
      "integrity": "sha512-tCfK73IkLHyzoKUvGq47gyDyxiKLFvKiVCOobynGgBB9Dl0NkxTM2p+eRJXyCYrjJwy9Y0XCMqD3uOYsYt2Fdg==",
      "requires": {
        "standardized-audio-context": "^25.1.8",
        "tslib": "^2.0.1"
      }
    },
    "tslib": {
      "version": "2.1.0",
      "resolved": "https://registry.npmjs.org/tslib/-/tslib-2.1.0.tgz",
      "integrity": "sha512-hcVC3wYEziELGGmEEXue7D75zbwIIVUMWAVbHItGPx0ziyXxrOMQx4rQEVEV45Ut/1IotuEvwqPopzIOkDMf0A=="
    },
    "typescript": {
      "version": "4.1.3",
      "resolved": "https://registry.npmjs.org/typescript/-/typescript-4.1.3.tgz",
      "integrity": "sha512-B3ZIOf1IKeH2ixgHhj6la6xdwR9QrLC5d1VKeCSY4tvkqhF2eqd9O7txNlS0PO3GrBAFIdr3L1ndNwteUbZLYg==",
      "dev": true
    },
    "util": {
      "version": "0.10.4",
      "resolved": "https://registry.npmjs.org/util/-/util-0.10.4.tgz",
      "integrity": "sha512-0Pm9hTQ3se5ll1XihRic3FDIku70C+iHUdT/W926rSgHV5QgXsYbKZN8MSC3tJtSkhuROzvsQjAaFENRXr+19A==",
      "dev": true,
      "requires": {
        "inherits": "2.0.3"
      }
    }
  }
}
